# This file is autogenerated, do not edit; changes may be undone by the next 'dep ensure'.


[[projects]]
  name = "github.com/mattn/anko"
  packages = [
    "ast",
    "parser",
    "vm"
  ]
  revision = "e9c5c0ca86cf129292c56ddbddc4fff027844d65"
  version = "v0.0.4"

[solve-meta]
  analyzer-name = "dep"
  analyzer-version = 1
  inputs-digest = "82d450809ecb26575ecfd8789ed314d3056acce0fd922a03c1a7efe5908dc2c0"
  solver-name = "gps-cdcl"
  solver-version = 1
